
Microsoft Visual Studio Solution File, Format Version 12.00
# Visual Studio Version 16
VisualStudioVersion = 16.0.30225.117
MinimumVisualStudioVersion = 10.0.40219.1
Project("{FAE04EC0-301F-11D3-BF4B-00C04F79EFBC}") = "simple calculator", "simple calculator\simple calculator.csproj", "{134C9EB8-3AE0-4E4E-8A7D-EB714862F474}"
EndProject
Global
	GlobalSection(SolutionConfigurationPlatforms) = preSolution
		Debug|Any CPU = Debug|Any CPU
		Release|Any CPU = Release|Any CPU
	EndGlobalSection
	GlobalSection(ProjectConfigurationPlatforms) = postSolution
		{134C9EB8-3AE0-4E4E-8A7D-EB714862F474}.Debug|Any CPU.ActiveCfg = Debug|Any CPU
		{134C9EB8-3AE0-4E4E-8A7D-EB714862F474}.Debug|Any CPU.Build.0 = Debug|Any CPU
		{134C9EB8-3AE0-4E4E-8A7D-EB714862F474}.Release|Any CPU.ActiveCfg = Release|Any CPU
		{134C9EB8-3AE0-4E4E-8A7D-EB714862F474}.Release|Any CPU.Build.0 = Release|Any CPU
	EndGlobalSection
	GlobalSection(SolutionProperties) = preSolution
		HideSolutionNode = FALSE
	EndGlobalSection
	GlobalSection(ExtensibilityGlobals) = postSolution
		SolutionGuid = {DA6E9BF3-0E83-4D99-B511-AC0D5ED4534E}
	EndGlobalSection
EndGlobal
